
Microsoft Visual Studio Solution File, Format Version 12.00
# Visual Studio Version 17
VisualStudioVersion = 17.7.34024.191
MinimumVisualStudioVersion = 10.0.40219.1
Project("{2150E333-8FDC-42A3-9474-1A3956D46DE8}") = "Lab0", "Lab0", "{2D1B16F9-04DB-424C-9903-EE6C9764B070}"
EndProject
Project("{FAE04EC0-301F-11D3-BF4B-00C04F79EFBC}") = "Tyuiu.PenkovEU.ConsoleApp.Lab0.V0", "Tyuiu.PenkovEU.ConsoleApp.Lab0.V0\Tyuiu.PenkovEU.ConsoleApp.Lab0.V0.csproj", "{82EA3D8C-F633-4CEE-B0AA-9DC2815C1622}"
EndProject
Project("{FAE04EC0-301F-11D3-BF4B-00C04F79EFBC}") = "Tyuiu.PenkovEU.ConsoleApp.Lab0.V0.Lib", "Tyuiu.PenkovEU.ConsoleApp.Lab0.V0.Lib\Tyuiu.PenkovEU.ConsoleApp.Lab0.V0.Lib.csproj", "{427ABE60-D0AF-4FFD-A49A-2C03C7C5341B}"
EndProject
Project("{FAE04EC0-301F-11D3-BF4B-00C04F79EFBC}") = "Tyuiu.PenkovEU.ConsoleApp.Lab0.V0.Test", "Tyuiu.PenkovEU.ConsoleApp.Lab0.V0.Test\Tyuiu.PenkovEU.ConsoleApp.Lab0.V0.Test.csproj", "{AC53FEAA-FD2C-493C-A716-848C4D2C3DED}"
EndProject
Project("{2150E333-8FDC-42A3-9474-1A3956D46DE8}") = "Lab1", "Lab1", "{0C74B8DF-B288-4B00-8206-CE4680EDA81C}"
EndProject
Project("{FAE04EC0-301F-11D3-BF4B-00C04F79EFBC}") = "Tyuiu.PenkovEU.ConsoleApp.Lab1.V1", "Tyuiu.PenkovEU.ConsoleApp.Lab1.V1\Tyuiu.PenkovEU.ConsoleApp.Lab1.V1.csproj", "{2E8D8194-D980-49B6-9A7B-0B10034CDAA6}"
EndProject
Project("{FAE04EC0-301F-11D3-BF4B-00C04F79EFBC}") = "Tyuiu.PenkovEU.ConsoleApp.Lab1.V1.Lib", "Tyuiu.PenkovEU.ConsoleApp.Lab1.V1.Lib\Tyuiu.PenkovEU.ConsoleApp.Lab1.V1.Lib.csproj", "{24E125EC-A3A9-4FCD-9E14-E17467E66804}"
EndProject
Project("{FAE04EC0-301F-11D3-BF4B-00C04F79EFBC}") = "Tyuiu.PenkovEU.ConsoleApp.Lab1.V1.Test", "Tyuiu.PenkovEU.ConsoleApp.Lab1.V1.Test\Tyuiu.PenkovEU.ConsoleApp.Lab1.V1.Test.csproj", "{AD67EF49-478C-43DA-A2B0-9CD70EA931BC}"
EndProject
Project("{2150E333-8FDC-42A3-9474-1A3956D46DE8}") = "Lab2", "Lab2", "{ECA4CD84-0D69-4F5D-A846-2404B7136024}"
EndProject
Project("{FAE04EC0-301F-11D3-BF4B-00C04F79EFBC}") = "Tyuiu.PenkovEU.ConsoleApp.Lab2.V5", "Tyuiu.PenkovEU.ConsoleApp.Lab2.V5\Tyuiu.PenkovEU.ConsoleApp.Lab2.V5.csproj", "{1188D4A5-EED4-48F4-82DF-259E354B7CA3}"
EndProject
Project("{FAE04EC0-301F-11D3-BF4B-00C04F79EFBC}") = "Tyuiu.PenkovEU.ConsoleApp.Lab2.V5.Lib", "Tyuiu.PenkovEU.ConsoleApp.Lab2.V5.Lib\Tyuiu.PenkovEU.ConsoleApp.Lab2.V5.Lib.csproj", "{F9881B1A-6B5D-4B46-982E-FA629CE9D35D}"
EndProject
Project("{FAE04EC0-301F-11D3-BF4B-00C04F79EFBC}") = "Tyuiu.PenkovEU.ConsoleApp.Lab2.V5.Test", "Tyuiu.PenkovEU.ConsoleApp.Lab2.V5.Test\Tyuiu.PenkovEU.ConsoleApp.Lab2.V5.Test.csproj", "{A0EFA692-D51A-4106-A4BD-7A84B46D4D04}"
EndProject
Project("{2150E333-8FDC-42A3-9474-1A3956D46DE8}") = "Lab3", "Lab3", "{60E3A99B-EA28-443A-B431-1BEE05FFC232}"
EndProject
Project("{FAE04EC0-301F-11D3-BF4B-00C04F79EFBC}") = "Tyuiu.PenkovEU.ConsoleApp.Lab3.V0.Test", "Tyuiu.PenkovEU.ConsoleApp.Lab3.V0.Test\Tyuiu.PenkovEU.ConsoleApp.Lab3.V0.Test.csproj", "{977DF3AC-62C5-4E48-ADFA-EFD23876914D}"
EndProject
Project("{FAE04EC0-301F-11D3-BF4B-00C04F79EFBC}") = "Tyuiu.PenkovEU.ConsoleApp.Lab3.V0.Lib", "Tyuiu.PenkovEU.ConsoleApp.Lab3.V0.Lib\Tyuiu.PenkovEU.ConsoleApp.Lab3.V0.Lib.csproj", "{C657DE9D-FC9D-4356-BA34-F0E0DAF5BD13}"
EndProject
Project("{FAE04EC0-301F-11D3-BF4B-00C04F79EFBC}") = "Tyuiu.PenkovEU.ConsoleApp.Lab3.V0", "Tyuiu.PenkovEU.ConsoleApp.Lab3.V0\Tyuiu.PenkovEU.ConsoleApp.Lab3.V0.csproj", "{0022F685-5D09-417D-A209-EFD5FCDC6903}"
EndProject
Project("{FAE04EC0-301F-11D3-BF4B-00C04F79EFBC}") = "Tyuiu.PenkovEU.ConsoleApp.Lab3.V5.Lib", "Tyuiu.PenkovEU.ConsoleApp.Lab3.V5.Lib\Tyuiu.PenkovEU.ConsoleApp.Lab3.V5.Lib.csproj", "{E8E50AE2-4209-4F0B-BCC1-34BE43C13118}"
EndProject
Project("{FAE04EC0-301F-11D3-BF4B-00C04F79EFBC}") = "Tyuiu.PenkovEU.ConsoleApp.Lab3.V5.Test", "Tyuiu.PenkovEU.ConsoleApp.Lab3.V5.Test\Tyuiu.PenkovEU.ConsoleApp.Lab3.V5.Test.csproj", "{1D714924-350C-4D42-BDE3-2D2C777C0725}"
EndProject
Project("{FAE04EC0-301F-11D3-BF4B-00C04F79EFBC}") = "Tyuiu.PenkovEU.ConsoleApp.Lab3.V5", "Tyuiu.PenkovEU.ConsoleApp.Lab3.V5\Tyuiu.PenkovEU.ConsoleApp.Lab3.V5.csproj", "{B608C7D9-2EBB-4FDC-BCD6-C8B5D1228BD5}"
EndProject
Project("{2150E333-8FDC-42A3-9474-1A3956D46DE8}") = "Lab4", "Lab4", "{B1D4CD51-C2D2-468E-B302-31D901620007}"
EndProject
Project("{FAE04EC0-301F-11D3-BF4B-00C04F79EFBC}") = "Tyuiu.PenkovEU.ConsoleApp.Lab4.V5", "Tyuiu.PenkovEU.ConsoleApp.Lab4.V5\Tyuiu.PenkovEU.ConsoleApp.Lab4.V5.csproj", "{0EC6B37B-886F-4A98-8B06-F3D1BDEA60B0}"
EndProject
Project("{FAE04EC0-301F-11D3-BF4B-00C04F79EFBC}") = "Tyuiu.PenkovEU.ConsoleApp.Lab4.V5.Test", "Tyuiu.PenkovEU.ConsoleApp.Lab4.V5.Test\Tyuiu.PenkovEU.ConsoleApp.Lab4.V5.Test.csproj", "{6D9FC540-3CB7-4EB8-AB38-34D9BFC6B632}"
EndProject
Project("{FAE04EC0-301F-11D3-BF4B-00C04F79EFBC}") = "Tyuiu.PenkovEU.ConsoleApp.Lab4.V5.Lib", "Tyuiu.PenkovEU.ConsoleApp.Lab4.V5.Lib\Tyuiu.PenkovEU.ConsoleApp.Lab4.V5.Lib.csproj", "{B59D6254-301C-4F43-9171-E21F06F819D8}"
EndProject
Project("{2150E333-8FDC-42A3-9474-1A3956D46DE8}") = "Lab5", "Lab5", "{05C874AF-60DC-4978-96CC-232FD02FFF01}"
EndProject
Project("{FAE04EC0-301F-11D3-BF4B-00C04F79EFBC}") = "Tyuiu.PenkovEU.ConsoleApp.Lab5.V5", "Tyuiu.PenkovEU.ConsoleApp.Lab5.V5\Tyuiu.PenkovEU.ConsoleApp.Lab5.V5.csproj", "{C320DA9E-15F6-4C45-803F-2A19FC6815BC}"
EndProject
Project("{FAE04EC0-301F-11D3-BF4B-00C04F79EFBC}") = "Tyuiu.PenkovEU.ConsoleApp.Lab5.V5.Lib", "Tyuiu.PenkovEU.ConsoleApp.Lab5.V5.Lib\Tyuiu.PenkovEU.ConsoleApp.Lab5.V5.Lib.csproj", "{33A6F40F-CB2B-45B4-B321-A8C1ED412700}"
EndProject
Project("{FAE04EC0-301F-11D3-BF4B-00C04F79EFBC}") = "Tyuiu.PenkovEU.ConsoleApp.Lab5.V5.Test", "Tyuiu.PenkovEU.ConsoleApp.Lab5.V5.Test\Tyuiu.PenkovEU.ConsoleApp.Lab5.V5.Test.csproj", "{0EF83B56-A2FA-4555-B074-B0F18F62DD59}"
EndProject
Project("{2150E333-8FDC-42A3-9474-1A3956D46DE8}") = "Lab6", "Lab6", "{F1F9C448-E88A-4621-92B4-45CC670385A2}"
EndProject
Project("{FAE04EC0-301F-11D3-BF4B-00C04F79EFBC}") = "Tyuiu.PenkovEU.ConsoleApp.Lab6.V5", "Tyuiu.PenkovEU.ConsoleApp.Lab6.V5\Tyuiu.PenkovEU.ConsoleApp.Lab6.V5.csproj", "{4B6483C9-7821-46A5-B0DA-236E15C1C776}"
EndProject
Project("{FAE04EC0-301F-11D3-BF4B-00C04F79EFBC}") = "Tyuiu.PenkovEU.ConsoleApp.Lab6.V5.Lib", "Tyuiu.PenkovEU.ConsoleApp.Lab6.V5.Lib\Tyuiu.PenkovEU.ConsoleApp.Lab6.V5.Lib.csproj", "{F8A2663A-DDD6-43E6-8774-D4E316EEB8A3}"
EndProject
Project("{FAE04EC0-301F-11D3-BF4B-00C04F79EFBC}") = "Tyuiu.PenkovEU.ConsoleApp.Lab6.V5.Test", "Tyuiu.PenkovEU.ConsoleApp.Lab6.V5.Test\Tyuiu.PenkovEU.ConsoleApp.Lab6.V5.Test.csproj", "{C84B4B3C-ED5C-4A1B-BD8B-FA16E4D5CADC}"
EndProject
Global
	GlobalSection(SolutionConfigurationPlatforms) = preSolution
		Debug|Any CPU = Debug|Any CPU
		Release|Any CPU = Release|Any CPU
	EndGlobalSection
	GlobalSection(ProjectConfigurationPlatforms) = postSolution
		{82EA3D8C-F633-4CEE-B0AA-9DC2815C1622}.Debug|Any CPU.ActiveCfg = Debug|Any CPU
		{82EA3D8C-F633-4CEE-B0AA-9DC2815C1622}.Debug|Any CPU.Build.0 = Debug|Any CPU
		{82EA3D8C-F633-4CEE-B0AA-9DC2815C1622}.Release|Any CPU.ActiveCfg = Release|Any CPU
		{82EA3D8C-F633-4CEE-B0AA-9DC2815C1622}.Release|Any CPU.Build.0 = Release|Any CPU
		{427ABE60-D0AF-4FFD-A49A-2C03C7C5341B}.Debug|Any CPU.ActiveCfg = Debug|Any CPU
		{427ABE60-D0AF-4FFD-A49A-2C03C7C5341B}.Debug|Any CPU.Build.0 = Debug|Any CPU
		{427ABE60-D0AF-4FFD-A49A-2C03C7C5341B}.Release|Any CPU.ActiveCfg = Release|Any CPU
		{427ABE60-D0AF-4FFD-A49A-2C03C7C5341B}.Release|Any CPU.Build.0 = Release|Any CPU
		{AC53FEAA-FD2C-493C-A716-848C4D2C3DED}.Debug|Any CPU.ActiveCfg = Debug|Any CPU
		{AC53FEAA-FD2C-493C-A716-848C4D2C3DED}.Debug|Any CPU.Build.0 = Debug|Any CPU
		{AC53FEAA-FD2C-493C-A716-848C4D2C3DED}.Release|Any CPU.ActiveCfg = Release|Any CPU
		{AC53FEAA-FD2C-493C-A716-848C4D2C3DED}.Release|Any CPU.Build.0 = Release|Any CPU
		{2E8D8194-D980-49B6-9A7B-0B10034CDAA6}.Debug|Any CPU.ActiveCfg = Debug|Any CPU
		{2E8D8194-D980-49B6-9A7B-0B10034CDAA6}.Debug|Any CPU.Build.0 = Debug|Any CPU
		{2E8D8194-D980-49B6-9A7B-0B10034CDAA6}.Release|Any CPU.ActiveCfg = Release|Any CPU
		{2E8D8194-D980-49B6-9A7B-0B10034CDAA6}.Release|Any CPU.Build.0 = Release|Any CPU
		{24E125EC-A3A9-4FCD-9E14-E17467E66804}.Debug|Any CPU.ActiveCfg = Debug|Any CPU
		{24E125EC-A3A9-4FCD-9E14-E17467E66804}.Debug|Any CPU.Build.0 = Debug|Any CPU
		{24E125EC-A3A9-4FCD-9E14-E17467E66804}.Release|Any CPU.ActiveCfg = Release|Any CPU
		{24E125EC-A3A9-4FCD-9E14-E17467E66804}.Release|Any CPU.Build.0 = Release|Any CPU
		{AD67EF49-478C-43DA-A2B0-9CD70EA931BC}.Debug|Any CPU.ActiveCfg = Debug|Any CPU
		{AD67EF49-478C-43DA-A2B0-9CD70EA931BC}.Debug|Any CPU.Build.0 = Debug|Any CPU
		{AD67EF49-478C-43DA-A2B0-9CD70EA931BC}.Release|Any CPU.ActiveCfg = Release|Any CPU
		{AD67EF49-478C-43DA-A2B0-9CD70EA931BC}.Release|Any CPU.Build.0 = Release|Any CPU
		{1188D4A5-EED4-48F4-82DF-259E354B7CA3}.Debug|Any CPU.ActiveCfg = Debug|Any CPU
		{1188D4A5-EED4-48F4-82DF-259E354B7CA3}.Debug|Any CPU.Build.0 = Debug|Any CPU
		{1188D4A5-EED4-48F4-82DF-259E354B7CA3}.Release|Any CPU.ActiveCfg = Release|Any CPU
		{1188D4A5-EED4-48F4-82DF-259E354B7CA3}.Release|Any CPU.Build.0 = Release|Any CPU
		{F9881B1A-6B5D-4B46-982E-FA629CE9D35D}.Debug|Any CPU.ActiveCfg = Debug|Any CPU
		{F9881B1A-6B5D-4B46-982E-FA629CE9D35D}.Debug|Any CPU.Build.0 = Debug|Any CPU
		{F9881B1A-6B5D-4B46-982E-FA629CE9D35D}.Release|Any CPU.ActiveCfg = Release|Any CPU
		{F9881B1A-6B5D-4B46-982E-FA629CE9D35D}.Release|Any CPU.Build.0 = Release|Any CPU
		{A0EFA692-D51A-4106-A4BD-7A84B46D4D04}.Debug|Any CPU.ActiveCfg = Debug|Any CPU
		{A0EFA692-D51A-4106-A4BD-7A84B46D4D04}.Debug|Any CPU.Build.0 = Debug|Any CPU
		{A0EFA692-D51A-4106-A4BD-7A84B46D4D04}.Release|Any CPU.ActiveCfg = Release|Any CPU
		{A0EFA692-D51A-4106-A4BD-7A84B46D4D04}.Release|Any CPU.Build.0 = Release|Any CPU
		{977DF3AC-62C5-4E48-ADFA-EFD23876914D}.Debug|Any CPU.ActiveCfg = Debug|Any CPU
		{977DF3AC-62C5-4E48-ADFA-EFD23876914D}.Debug|Any CPU.Build.0 = Debug|Any CPU
		{977DF3AC-62C5-4E48-ADFA-EFD23876914D}.Release|Any CPU.ActiveCfg = Release|Any CPU
		{977DF3AC-62C5-4E48-ADFA-EFD23876914D}.Release|Any CPU.Build.0 = Release|Any CPU
		{C657DE9D-FC9D-4356-BA34-F0E0DAF5BD13}.Debug|Any CPU.ActiveCfg = Debug|Any CPU
		{C657DE9D-FC9D-4356-BA34-F0E0DAF5BD13}.Debug|Any CPU.Build.0 = Debug|Any CPU
		{C657DE9D-FC9D-4356-BA34-F0E0DAF5BD13}.Release|Any CPU.ActiveCfg = Release|Any CPU
		{C657DE9D-FC9D-4356-BA34-F0E0DAF5BD13}.Release|Any CPU.Build.0 = Release|Any CPU
		{0022F685-5D09-417D-A209-EFD5FCDC6903}.Debug|Any CPU.ActiveCfg = Debug|Any CPU
		{0022F685-5D09-417D-A209-EFD5FCDC6903}.Debug|Any CPU.Build.0 = Debug|Any CPU
		{0022F685-5D09-417D-A209-EFD5FCDC6903}.Release|Any CPU.ActiveCfg = Release|Any CPU
		{0022F685-5D09-417D-A209-EFD5FCDC6903}.Release|Any CPU.Build.0 = Release|Any CPU
		{E8E50AE2-4209-4F0B-BCC1-34BE43C13118}.Debug|Any CPU.ActiveCfg = Debug|Any CPU
		{E8E50AE2-4209-4F0B-BCC1-34BE43C13118}.Debug|Any CPU.Build.0 = Debug|Any CPU
		{E8E50AE2-4209-4F0B-BCC1-34BE43C13118}.Release|Any CPU.ActiveCfg = Release|Any CPU
		{E8E50AE2-4209-4F0B-BCC1-34BE43C13118}.Release|Any CPU.Build.0 = Release|Any CPU
		{1D714924-350C-4D42-BDE3-2D2C777C0725}.Debug|Any CPU.ActiveCfg = Debug|Any CPU
		{1D714924-350C-4D42-BDE3-2D2C777C0725}.Debug|Any CPU.Build.0 = Debug|Any CPU
		{1D714924-350C-4D42-BDE3-2D2C777C0725}.Release|Any CPU.ActiveCfg = Release|Any CPU
		{1D714924-350C-4D42-BDE3-2D2C777C0725}.Release|Any CPU.Build.0 = Release|Any CPU
		{B608C7D9-2EBB-4FDC-BCD6-C8B5D1228BD5}.Debug|Any CPU.ActiveCfg = Debug|Any CPU
		{B608C7D9-2EBB-4FDC-BCD6-C8B5D1228BD5}.Debug|Any CPU.Build.0 = Debug|Any CPU
		{B608C7D9-2EBB-4FDC-BCD6-C8B5D1228BD5}.Release|Any CPU.ActiveCfg = Release|Any CPU
		{B608C7D9-2EBB-4FDC-BCD6-C8B5D1228BD5}.Release|Any CPU.Build.0 = Release|Any CPU
		{0EC6B37B-886F-4A98-8B06-F3D1BDEA60B0}.Debug|Any CPU.ActiveCfg = Debug|Any CPU
		{0EC6B37B-886F-4A98-8B06-F3D1BDEA60B0}.Debug|Any CPU.Build.0 = Debug|Any CPU
		{0EC6B37B-886F-4A98-8B06-F3D1BDEA60B0}.Release|Any CPU.ActiveCfg = Release|Any CPU
		{0EC6B37B-886F-4A98-8B06-F3D1BDEA60B0}.Release|Any CPU.Build.0 = Release|Any CPU
		{6D9FC540-3CB7-4EB8-AB38-34D9BFC6B632}.Debug|Any CPU.ActiveCfg = Debug|Any CPU
		{6D9FC540-3CB7-4EB8-AB38-34D9BFC6B632}.Debug|Any CPU.Build.0 = Debug|Any CPU
		{6D9FC540-3CB7-4EB8-AB38-34D9BFC6B632}.Release|Any CPU.ActiveCfg = Release|Any CPU
		{6D9FC540-3CB7-4EB8-AB38-34D9BFC6B632}.Release|Any CPU.Build.0 = Release|Any CPU
		{B59D6254-301C-4F43-9171-E21F06F819D8}.Debug|Any CPU.ActiveCfg = Debug|Any CPU
		{B59D6254-301C-4F43-9171-E21F06F819D8}.Debug|Any CPU.Build.0 = Debug|Any CPU
		{B59D6254-301C-4F43-9171-E21F06F819D8}.Release|Any CPU.ActiveCfg = Release|Any CPU
		{B59D6254-301C-4F43-9171-E21F06F819D8}.Release|Any CPU.Build.0 = Release|Any CPU
		{C320DA9E-15F6-4C45-803F-2A19FC6815BC}.Debug|Any CPU.ActiveCfg = Debug|Any CPU
		{C320DA9E-15F6-4C45-803F-2A19FC6815BC}.Debug|Any CPU.Build.0 = Debug|Any CPU
		{C320DA9E-15F6-4C45-803F-2A19FC6815BC}.Release|Any CPU.ActiveCfg = Release|Any CPU
		{C320DA9E-15F6-4C45-803F-2A19FC6815BC}.Release|Any CPU.Build.0 = Release|Any CPU
		{33A6F40F-CB2B-45B4-B321-A8C1ED412700}.Debug|Any CPU.ActiveCfg = Debug|Any CPU
		{33A6F40F-CB2B-45B4-B321-A8C1ED412700}.Debug|Any CPU.Build.0 = Debug|Any CPU
		{33A6F40F-CB2B-45B4-B321-A8C1ED412700}.Release|Any CPU.ActiveCfg = Release|Any CPU
		{33A6F40F-CB2B-45B4-B321-A8C1ED412700}.Release|Any CPU.Build.0 = Release|Any CPU
		{0EF83B56-A2FA-4555-B074-B0F18F62DD59}.Debug|Any CPU.ActiveCfg = Debug|Any CPU
		{0EF83B56-A2FA-4555-B074-B0F18F62DD59}.Debug|Any CPU.Build.0 = Debug|Any CPU
		{0EF83B56-A2FA-4555-B074-B0F18F62DD59}.Release|Any CPU.ActiveCfg = Release|Any CPU
		{0EF83B56-A2FA-4555-B074-B0F18F62DD59}.Release|Any CPU.Build.0 = Release|Any CPU
		{4B6483C9-7821-46A5-B0DA-236E15C1C776}.Debug|Any CPU.ActiveCfg = Debug|Any CPU
		{4B6483C9-7821-46A5-B0DA-236E15C1C776}.Debug|Any CPU.Build.0 = Debug|Any CPU
		{4B6483C9-7821-46A5-B0DA-236E15C1C776}.Release|Any CPU.ActiveCfg = Release|Any CPU
		{4B6483C9-7821-46A5-B0DA-236E15C1C776}.Release|Any CPU.Build.0 = Release|Any CPU
		{F8A2663A-DDD6-43E6-8774-D4E316EEB8A3}.Debug|Any CPU.ActiveCfg = Debug|Any CPU
		{F8A2663A-DDD6-43E6-8774-D4E316EEB8A3}.Debug|Any CPU.Build.0 = Debug|Any CPU
		{F8A2663A-DDD6-43E6-8774-D4E316EEB8A3}.Release|Any CPU.ActiveCfg = Release|Any CPU
		{F8A2663A-DDD6-43E6-8774-D4E316EEB8A3}.Release|Any CPU.Build.0 = Release|Any CPU
		{C84B4B3C-ED5C-4A1B-BD8B-FA16E4D5CADC}.Debug|Any CPU.ActiveCfg = Debug|Any CPU
		{C84B4B3C-ED5C-4A1B-BD8B-FA16E4D5CADC}.Debug|Any CPU.Build.0 = Debug|Any CPU
		{C84B4B3C-ED5C-4A1B-BD8B-FA16E4D5CADC}.Release|Any CPU.ActiveCfg = Release|Any CPU
		{C84B4B3C-ED5C-4A1B-BD8B-FA16E4D5CADC}.Release|Any CPU.Build.0 = Release|Any CPU
	EndGlobalSection
	GlobalSection(SolutionProperties) = preSolution
		HideSolutionNode = FALSE
	EndGlobalSection
	GlobalSection(NestedProjects) = preSolution
		{82EA3D8C-F633-4CEE-B0AA-9DC2815C1622} = {2D1B16F9-04DB-424C-9903-EE6C9764B070}
		{427ABE60-D0AF-4FFD-A49A-2C03C7C5341B} = {2D1B16F9-04DB-424C-9903-EE6C9764B070}
		{AC53FEAA-FD2C-493C-A716-848C4D2C3DED} = {2D1B16F9-04DB-424C-9903-EE6C9764B070}
		{2E8D8194-D980-49B6-9A7B-0B10034CDAA6} = {0C74B8DF-B288-4B00-8206-CE4680EDA81C}
		{24E125EC-A3A9-4FCD-9E14-E17467E66804} = {0C74B8DF-B288-4B00-8206-CE4680EDA81C}
		{AD67EF49-478C-43DA-A2B0-9CD70EA931BC} = {0C74B8DF-B288-4B00-8206-CE4680EDA81C}
		{1188D4A5-EED4-48F4-82DF-259E354B7CA3} = {ECA4CD84-0D69-4F5D-A846-2404B7136024}
		{F9881B1A-6B5D-4B46-982E-FA629CE9D35D} = {ECA4CD84-0D69-4F5D-A846-2404B7136024}
		{A0EFA692-D51A-4106-A4BD-7A84B46D4D04} = {ECA4CD84-0D69-4F5D-A846-2404B7136024}
		{977DF3AC-62C5-4E48-ADFA-EFD23876914D} = {60E3A99B-EA28-443A-B431-1BEE05FFC232}
		{C657DE9D-FC9D-4356-BA34-F0E0DAF5BD13} = {60E3A99B-EA28-443A-B431-1BEE05FFC232}
		{0022F685-5D09-417D-A209-EFD5FCDC6903} = {60E3A99B-EA28-443A-B431-1BEE05FFC232}
		{E8E50AE2-4209-4F0B-BCC1-34BE43C13118} = {60E3A99B-EA28-443A-B431-1BEE05FFC232}
		{1D714924-350C-4D42-BDE3-2D2C777C0725} = {60E3A99B-EA28-443A-B431-1BEE05FFC232}
		{B608C7D9-2EBB-4FDC-BCD6-C8B5D1228BD5} = {60E3A99B-EA28-443A-B431-1BEE05FFC232}
		{0EC6B37B-886F-4A98-8B06-F3D1BDEA60B0} = {B1D4CD51-C2D2-468E-B302-31D901620007}
		{6D9FC540-3CB7-4EB8-AB38-34D9BFC6B632} = {B1D4CD51-C2D2-468E-B302-31D901620007}
		{B59D6254-301C-4F43-9171-E21F06F819D8} = {B1D4CD51-C2D2-468E-B302-31D901620007}
		{C320DA9E-15F6-4C45-803F-2A19FC6815BC} = {05C874AF-60DC-4978-96CC-232FD02FFF01}
		{33A6F40F-CB2B-45B4-B321-A8C1ED412700} = {05C874AF-60DC-4978-96CC-232FD02FFF01}
		{0EF83B56-A2FA-4555-B074-B0F18F62DD59} = {05C874AF-60DC-4978-96CC-232FD02FFF01}
		{4B6483C9-7821-46A5-B0DA-236E15C1C776} = {F1F9C448-E88A-4621-92B4-45CC670385A2}
		{F8A2663A-DDD6-43E6-8774-D4E316EEB8A3} = {F1F9C448-E88A-4621-92B4-45CC670385A2}
		{C84B4B3C-ED5C-4A1B-BD8B-FA16E4D5CADC} = {F1F9C448-E88A-4621-92B4-45CC670385A2}
	EndGlobalSection
	GlobalSection(ExtensibilityGlobals) = postSolution
		SolutionGuid = {250DEA8A-27F8-4F68-A972-DBF689C5CF49}
	EndGlobalSection
EndGlobal
